schema: '2.0'
stages:
  us_fuelprice_df:
    cmd: /project/DataEngineering/Data Engineering Individual Assignment.ipynb
    outs:
    - path: us_fuelprice_df.txt
  uk_fuelprice_df_checks:
    cmd: /project/DataEngineering/Data Engineering Individual Assignment.ipynb
    outs:
    - path: us_fuelprice_df.txt
